
Microsoft Visual Studio Solution File, Format Version 12.00
# Visual Studio Version 17
VisualStudioVersion = 17.4.33213.308
MinimumVisualStudioVersion = 10.0.40219.1
Project("{9A19103F-16F7-4668-BE54-9A1E7A4F7556}") = "BMS.Api", "BMS.Api\BMS.Api.csproj", "{5C2B3794-FACA-404C-ABB5-34E6A188066C}"
EndProject
Project("{2150E333-8FDC-42A3-9474-1A3956D46DE8}") = "Api", "Api", "{37F7D8AA-0E64-4A41-91F1-219A3895FE38}"
EndProject
Project("{2150E333-8FDC-42A3-9474-1A3956D46DE8}") = "Business", "Business", "{A1D6A1D9-76F3-47AA-8545-7E804F60BD18}"
EndProject
Project("{2150E333-8FDC-42A3-9474-1A3956D46DE8}") = "Core", "Core", "{F20C80CA-1C4C-4B0B-B900-C6873244E6CF}"
EndProject
Project("{2150E333-8FDC-42A3-9474-1A3956D46DE8}") = "Web", "Web", "{B68AA1AA-4411-4C4C-BC62-E1719DF98E60}"
EndProject
Project("{9A19103F-16F7-4668-BE54-9A1E7A4F7556}") = "BMS.Services", "BMS.Services\BMS.Services.csproj", "{8DE3546F-76C7-4A7B-B1F6-A8D1C58F7C59}"
EndProject
Project("{9A19103F-16F7-4668-BE54-9A1E7A4F7556}") = "BMS.Domain", "BMS.Domain\BMS.Domain.csproj", "{393D6832-1EAF-419C-A1FF-3845EB056B7A}"
EndProject
Project("{9A19103F-16F7-4668-BE54-9A1E7A4F7556}") = "BMS.Infrastructure", "BMS.Infrastructure\BMS.Infrastructure.csproj", "{2C47B5FB-B6CF-44C3-9010-1EB81B06D1CF}"
EndProject
Project("{9A19103F-16F7-4668-BE54-9A1E7A4F7556}") = "BMS.Shared", "BMS.Shared\BMS.Shared.csproj", "{2981689D-0006-48E4-9BCD-2C6B2EA4E1E1}"
EndProject
Project("{9A19103F-16F7-4668-BE54-9A1E7A4F7556}") = "BMS.Modbus", "BMS.Modbus\BMS.Modbus.csproj", "{F3621464-056E-4095-B3E2-18A750F83441}"
EndProject
Global
	GlobalSection(SolutionConfigurationPlatforms) = preSolution
		Debug|Any CPU = Debug|Any CPU
		Release|Any CPU = Release|Any CPU
	EndGlobalSection
	GlobalSection(ProjectConfigurationPlatforms) = postSolution
		{5C2B3794-FACA-404C-ABB5-34E6A188066C}.Debug|Any CPU.ActiveCfg = Debug|Any CPU
		{5C2B3794-FACA-404C-ABB5-34E6A188066C}.Debug|Any CPU.Build.0 = Debug|Any CPU
		{5C2B3794-FACA-404C-ABB5-34E6A188066C}.Release|Any CPU.ActiveCfg = Release|Any CPU
		{5C2B3794-FACA-404C-ABB5-34E6A188066C}.Release|Any CPU.Build.0 = Release|Any CPU
		{8DE3546F-76C7-4A7B-B1F6-A8D1C58F7C59}.Debug|Any CPU.ActiveCfg = Debug|Any CPU
		{8DE3546F-76C7-4A7B-B1F6-A8D1C58F7C59}.Debug|Any CPU.Build.0 = Debug|Any CPU
		{8DE3546F-76C7-4A7B-B1F6-A8D1C58F7C59}.Release|Any CPU.ActiveCfg = Release|Any CPU
		{8DE3546F-76C7-4A7B-B1F6-A8D1C58F7C59}.Release|Any CPU.Build.0 = Release|Any CPU
		{393D6832-1EAF-419C-A1FF-3845EB056B7A}.Debug|Any CPU.ActiveCfg = Debug|Any CPU
		{393D6832-1EAF-419C-A1FF-3845EB056B7A}.Debug|Any CPU.Build.0 = Debug|Any CPU
		{393D6832-1EAF-419C-A1FF-3845EB056B7A}.Release|Any CPU.ActiveCfg = Release|Any CPU
		{393D6832-1EAF-419C-A1FF-3845EB056B7A}.Release|Any CPU.Build.0 = Release|Any CPU
		{2C47B5FB-B6CF-44C3-9010-1EB81B06D1CF}.Debug|Any CPU.ActiveCfg = Debug|Any CPU
		{2C47B5FB-B6CF-44C3-9010-1EB81B06D1CF}.Debug|Any CPU.Build.0 = Debug|Any CPU
		{2C47B5FB-B6CF-44C3-9010-1EB81B06D1CF}.Release|Any CPU.ActiveCfg = Release|Any CPU
		{2C47B5FB-B6CF-44C3-9010-1EB81B06D1CF}.Release|Any CPU.Build.0 = Release|Any CPU
		{2981689D-0006-48E4-9BCD-2C6B2EA4E1E1}.Debug|Any CPU.ActiveCfg = Debug|Any CPU
		{2981689D-0006-48E4-9BCD-2C6B2EA4E1E1}.Debug|Any CPU.Build.0 = Debug|Any CPU
		{2981689D-0006-48E4-9BCD-2C6B2EA4E1E1}.Release|Any CPU.ActiveCfg = Release|Any CPU
		{2981689D-0006-48E4-9BCD-2C6B2EA4E1E1}.Release|Any CPU.Build.0 = Release|Any CPU
		{F3621464-056E-4095-B3E2-18A750F83441}.Debug|Any CPU.ActiveCfg = Debug|Any CPU
		{F3621464-056E-4095-B3E2-18A750F83441}.Debug|Any CPU.Build.0 = Debug|Any CPU
		{F3621464-056E-4095-B3E2-18A750F83441}.Release|Any CPU.ActiveCfg = Release|Any CPU
		{F3621464-056E-4095-B3E2-18A750F83441}.Release|Any CPU.Build.0 = Release|Any CPU
	EndGlobalSection
	GlobalSection(SolutionProperties) = preSolution
		HideSolutionNode = FALSE
	EndGlobalSection
	GlobalSection(NestedProjects) = preSolution
		{5C2B3794-FACA-404C-ABB5-34E6A188066C} = {37F7D8AA-0E64-4A41-91F1-219A3895FE38}
		{8DE3546F-76C7-4A7B-B1F6-A8D1C58F7C59} = {A1D6A1D9-76F3-47AA-8545-7E804F60BD18}
		{393D6832-1EAF-419C-A1FF-3845EB056B7A} = {F20C80CA-1C4C-4B0B-B900-C6873244E6CF}
		{2C47B5FB-B6CF-44C3-9010-1EB81B06D1CF} = {F20C80CA-1C4C-4B0B-B900-C6873244E6CF}
		{2981689D-0006-48E4-9BCD-2C6B2EA4E1E1} = {F20C80CA-1C4C-4B0B-B900-C6873244E6CF}
		{F3621464-056E-4095-B3E2-18A750F83441} = {A1D6A1D9-76F3-47AA-8545-7E804F60BD18}
	EndGlobalSection
	GlobalSection(ExtensibilityGlobals) = postSolution
		SolutionGuid = {CF3F4356-E9BB-41EB-825D-D2FD85689500}
	EndGlobalSection
EndGlobal
